
Microsoft Visual Studio Solution File, Format Version 12.00
# Visual Studio Version 16
VisualStudioVersion = 16.0.32602.291
MinimumVisualStudioVersion = 10.0.40219.1
Project("{8BC9CEB8-8B4A-11D0-8D11-00A0C91BC942}") = "vcx-cifX32", "vcx-cifX32.vcxproj", "{50400E50-9061-4702-9A32-EE2B222786A8}"
EndProject
Project("{8BC9CEB8-8B4A-11D0-8D11-00A0C91BC942}") = "vcx-cifx32-example", "vcx-cifx32-example\vcx-cifx32-example.vcxproj", "{4DF3699A-1C6A-4420-B34F-A39A7BD55B6B}"
EndProject
Global
	GlobalSection(SolutionConfigurationPlatforms) = preSolution
		Debug|x64 = Debug|x64
		Debug|x86 = Debug|x86
		Release|x64 = Release|x64
		Release|x86 = Release|x86
	EndGlobalSection
	GlobalSection(ProjectConfigurationPlatforms) = postSolution
		{50400E50-9061-4702-9A32-EE2B222786A8}.Debug|x64.ActiveCfg = Debug|x64
		{50400E50-9061-4702-9A32-EE2B222786A8}.Debug|x64.Build.0 = Debug|x64
		{50400E50-9061-4702-9A32-EE2B222786A8}.Debug|x86.ActiveCfg = Debug|Win32
		{50400E50-9061-4702-9A32-EE2B222786A8}.Debug|x86.Build.0 = Debug|Win32
		{50400E50-9061-4702-9A32-EE2B222786A8}.Release|x64.ActiveCfg = Release|x64
		{50400E50-9061-4702-9A32-EE2B222786A8}.Release|x64.Build.0 = Release|x64
		{50400E50-9061-4702-9A32-EE2B222786A8}.Release|x86.ActiveCfg = Release|Win32
		{50400E50-9061-4702-9A32-EE2B222786A8}.Release|x86.Build.0 = Release|Win32
		{4DF3699A-1C6A-4420-B34F-A39A7BD55B6B}.Debug|x64.ActiveCfg = Debug|x64
		{4DF3699A-1C6A-4420-B34F-A39A7BD55B6B}.Debug|x64.Build.0 = Debug|x64
		{4DF3699A-1C6A-4420-B34F-A39A7BD55B6B}.Debug|x86.ActiveCfg = Debug|Win32
		{4DF3699A-1C6A-4420-B34F-A39A7BD55B6B}.Debug|x86.Build.0 = Debug|Win32
		{4DF3699A-1C6A-4420-B34F-A39A7BD55B6B}.Release|x64.ActiveCfg = Release|x64
		{4DF3699A-1C6A-4420-B34F-A39A7BD55B6B}.Release|x64.Build.0 = Release|x64
		{4DF3699A-1C6A-4420-B34F-A39A7BD55B6B}.Release|x86.ActiveCfg = Release|Win32
		{4DF3699A-1C6A-4420-B34F-A39A7BD55B6B}.Release|x86.Build.0 = Release|Win32
	EndGlobalSection
	GlobalSection(SolutionProperties) = preSolution
		HideSolutionNode = FALSE
	EndGlobalSection
	GlobalSection(ExtensibilityGlobals) = postSolution
		SolutionGuid = {C811BA28-4ECB-4E8A-B2B9-32F9967CC742}
	EndGlobalSection
EndGlobal
